
Microsoft Visual Studio Solution File, Format Version 12.00
# Visual Studio Version 16
VisualStudioVersion = 16.0.30717.126
MinimumVisualStudioVersion = 10.0.40219.1
Project("{9A19103F-16F7-4668-BE54-9A1E7A4F7556}") = "SusSuite.Core", "SusSuite.Core\SusSuite.Core.csproj", "{FAE634D8-619C-46A7-ACD6-8A2E6C94C243}"
EndProject
Project("{2150E333-8FDC-42A3-9474-1A3956D46DE8}") = "Plugins", "Plugins", "{EC30BE78-4B9B-47F4-8337-CEF01863CFA0}"
EndProject
Project("{9A19103F-16F7-4668-BE54-9A1E7A4F7556}") = "SusSuite.Plugins.Jester", "Plugins\SusSuite.Plugins.Jester\SusSuite.Plugins.Jester.csproj", "{B3FBBC4A-20AE-4B41-97BE-E7696ED84698}"
EndProject
Project("{9A19103F-16F7-4668-BE54-9A1E7A4F7556}") = "SusSuite.Plugins.TeamSpeedRun", "Plugins\SusSuite.Plugins.TeamSpeedRun\SusSuite.Plugins.TeamSpeedRun.csproj", "{14BD776D-6483-42F2-85F3-4CA42AC0D211}"
EndProject
Global
	GlobalSection(SolutionConfigurationPlatforms) = preSolution
		Debug|Any CPU = Debug|Any CPU
		Release|Any CPU = Release|Any CPU
	EndGlobalSection
	GlobalSection(ProjectConfigurationPlatforms) = postSolution
		{FAE634D8-619C-46A7-ACD6-8A2E6C94C243}.Debug|Any CPU.ActiveCfg = Debug|Any CPU
		{FAE634D8-619C-46A7-ACD6-8A2E6C94C243}.Debug|Any CPU.Build.0 = Debug|Any CPU
		{FAE634D8-619C-46A7-ACD6-8A2E6C94C243}.Release|Any CPU.ActiveCfg = Release|Any CPU
		{FAE634D8-619C-46A7-ACD6-8A2E6C94C243}.Release|Any CPU.Build.0 = Release|Any CPU
		{B3FBBC4A-20AE-4B41-97BE-E7696ED84698}.Debug|Any CPU.ActiveCfg = Debug|Any CPU
		{B3FBBC4A-20AE-4B41-97BE-E7696ED84698}.Debug|Any CPU.Build.0 = Debug|Any CPU
		{B3FBBC4A-20AE-4B41-97BE-E7696ED84698}.Release|Any CPU.ActiveCfg = Release|Any CPU
		{B3FBBC4A-20AE-4B41-97BE-E7696ED84698}.Release|Any CPU.Build.0 = Release|Any CPU
		{14BD776D-6483-42F2-85F3-4CA42AC0D211}.Debug|Any CPU.ActiveCfg = Debug|Any CPU
		{14BD776D-6483-42F2-85F3-4CA42AC0D211}.Debug|Any CPU.Build.0 = Debug|Any CPU
		{14BD776D-6483-42F2-85F3-4CA42AC0D211}.Release|Any CPU.ActiveCfg = Release|Any CPU
		{14BD776D-6483-42F2-85F3-4CA42AC0D211}.Release|Any CPU.Build.0 = Release|Any CPU
	EndGlobalSection
	GlobalSection(SolutionProperties) = preSolution
		HideSolutionNode = FALSE
	EndGlobalSection
	GlobalSection(NestedProjects) = preSolution
		{B3FBBC4A-20AE-4B41-97BE-E7696ED84698} = {EC30BE78-4B9B-47F4-8337-CEF01863CFA0}
		{14BD776D-6483-42F2-85F3-4CA42AC0D211} = {EC30BE78-4B9B-47F4-8337-CEF01863CFA0}
	EndGlobalSection
	GlobalSection(ExtensibilityGlobals) = postSolution
		SolutionGuid = {7569A2A1-5679-4D73-832D-BFD913D3987B}
	EndGlobalSection
EndGlobal
